
Microsoft Visual Studio Solution File, Format Version 12.00
# Visual Studio Version 17
VisualStudioVersion = 17.9.34723.18
MinimumVisualStudioVersion = 10.0.40219.1
Project("{FAE04EC0-301F-11D3-BF4B-00C04F79EFBC}") = "WebApplication1", "WebApplication1\WebApplication1.csproj", "{0EDAED21-0A7C-410D-B583-C46640DD6514}"
EndProject
Global
	GlobalSection(SolutionConfigurationPlatforms) = preSolution
		Debug|Any CPU = Debug|Any CPU
		Release|Any CPU = Release|Any CPU
	EndGlobalSection
	GlobalSection(ProjectConfigurationPlatforms) = postSolution
		{0EDAED21-0A7C-410D-B583-C46640DD6514}.Debug|Any CPU.ActiveCfg = Debug|Any CPU
		{0EDAED21-0A7C-410D-B583-C46640DD6514}.Debug|Any CPU.Build.0 = Debug|Any CPU
		{0EDAED21-0A7C-410D-B583-C46640DD6514}.Release|Any CPU.ActiveCfg = Release|Any CPU
		{0EDAED21-0A7C-410D-B583-C46640DD6514}.Release|Any CPU.Build.0 = Release|Any CPU
	EndGlobalSection
	GlobalSection(SolutionProperties) = preSolution
		HideSolutionNode = FALSE
	EndGlobalSection
	GlobalSection(ExtensibilityGlobals) = postSolution
		SolutionGuid = {13108091-D48E-49AC-B7DF-74E7468B833A}
	EndGlobalSection
EndGlobal
